// !$*UTF8*$!
{
	archiveVersion = 1;
	classes = {
	};
	objectVersion = 46;
	objects = {

/* Begin PBXBuildFile section */
		CCF4FD0C1BEC708D00E8FE27 /* main.m in Sources */ = {isa = PBXBuildFile; fileRef = CCF4FD0B1BEC708D00E8FE27 /* main.m */; };
		CCF4FD0F1BEC708D00E8FE27 /* AppDelegate.m in Sources */ = {isa = PBXBuildFile; fileRef = CCF4FD0E1BEC708D00E8FE27 /* AppDelegate.m */; };
		CCF4FD121BEC708D00E8FE27 /* ViewController.m in Sources */ = {isa = PBXBuildFile; fileRef = CCF4FD111BEC708D00E8FE27 /* ViewController.m */; };
		CCF4FD151BEC708D00E8FE27 /* Main.storyboard in Resources */ = {isa = PBXBuildFile; fileRef = CCF4FD131BEC708D00E8FE27 /* Main.storyboard */; };
		CCF4FD171BEC708D00E8FE27 /* Images.xcassets in Resources */ = {isa = PBXBuildFile; fileRef = CCF4FD161BEC708D00E8FE27 /* Images.xcassets */; };
		CCF4FD1A1BEC708D00E8FE27 /* LaunchScreen.xib in Resources */ = {isa = PBXBuildFile; fileRef = CCF4FD181BEC708D00E8FE27 /* LaunchScreen.xib */; };
		CCF4FD261BEC708D00E8FE27 /* UIApplicationDelegateDemoTests.m in Sources */ = {isa = PBXBuildFile; fileRef = CCF4FD251BEC708D00E8FE27 /* UIApplicationDelegateDemoTests.m */; };
/* End PBXBuildFile section */

/* Begin PBXContainerItemProxy section */
		CCF4FD201BEC708D00E8FE27 /* PBXContainerItemProxy */ = {
			isa = PBXContainerItemProxy;
			containerPortal = CCF4FCFE1BEC708D00E8FE27 /* Project object */;
			proxyType = 1;
			remoteGlobalIDString = CCF4FD051BEC708D00E8FE27;
			remoteInfo = UIApplicationDelegateDemo;
		};
/* End PBXContainerItemProxy section */

/* Begin PBXFileReference section */
		CCF4FD061BEC708D00E8FE27 /* UIApplicationDelegateDemo.app */ = {isa = PBXFileReference; explicitFileType = wrapper.application; includeInIndex = 0; path = UIApplicationDelegateDemo.app; sourceTree = BUILT_PRODUCTS_DIR; };
		CCF4FD0A1BEC708D00E8FE27 /* Info.plist */ = {isa = PBXFileReference; lastKnownFileType = text.plist.xml; path = Info.plist; sourceTree = "<group>"; };
		CCF4FD0B1BEC708D00E8FE27 /* main.m */ = {isa = PBXFileReference; lastKnownFileType = sourcecode.c.objc; path = main.m; sourceTree = "<group>"; };
		CCF4FD0D1BEC708D00E8FE27 /* AppDelegate.h */ = {isa = PBXFileReference; lastKnownFileType = sourcecode.c.h; path = AppDelegate.h; sourceTree = "<group>"; };
		CCF4FD0E1BEC708D00E8FE27 /* AppDelegate.m */ = {isa = PBXFileReference; lastKnownFileType = sourcecode.c.objc; path = AppDelegate.m; sourceTree = "<group>"; };
		CCF4FD101BEC708D00E8FE27 /* ViewController.h */ = {isa = PBXFileReference; lastKnownFileType = sourcecode.c.h; path = ViewController.h; sourceTree = "<group>"; };
		CCF4FD111BEC708D00E8FE27 /* ViewController.m */ = {isa = PBXFileReference; lastKnownFileType = sourcecode.c.objc; path = ViewController.m; sourceTree = "<group>"; };
		CCF4FD141BEC708D00E8FE27 /* Base */ = {isa = PBXFileReference; lastKnownFileType = file.storyboard; name = Base; path = Base.lproj/Main.storyboard; sourceTree = "<group>"; };
		CCF4FD161BEC708D00E8FE27 /* Images.xcassets */ = {isa = PBXFileReference; lastKnownFileType = folder.assetcatalog; path = Images.xcassets; sourceTree = "<group>"; };
		CCF4FD191BEC708D00E8FE27 /* Base */ = {isa = PBXFileReference; lastKnownFileType = file.xib; name = Base; path = Base.lproj/LaunchScreen.xib; sourceTree = "<group>"; };
		CCF4FD1F1BEC708D00E8FE27 /* UIApplicationDelegateDemoTests.xctest */ = {isa = PBXFileReference; explicitFileType = wrapper.cfbundle; includeInIndex = 0; path = UIApplicationDelegateDemoTests.xctest; sourceTree = BUILT_PRODUCTS_DIR; };
		CCF4FD241BEC708D00E8FE27 /* Info.plist */ = {isa = PBXFileReference; lastKnownFileType = text.plist.xml; path = Info.plist; sourceTree = "<group>"; };
		CCF4FD251BEC708D00E8FE27 /* UIApplicationDelegateDemoTests.m */ = {isa = PBXFileReference; lastKnownFileType = sourcecode.c.objc; path = UIApplicationDelegateDemoTests.m; sourceTree = "<group>"; };
/* End PBXFileReference section */

/* Begin PBXFrameworksBuildPhase section */
		CCF4FD031BEC708D00E8FE27 /* Frameworks */ = {
			isa = PBXFrameworksBuildPhase;
			buildActionMask = 2147483647;
			files = (
			);
			runOnlyForDeploymentPostprocessing = 0;
		};
		CCF4FD1C1BEC708D00E8FE27 /* Frameworks */ = {
			isa = PBXFrameworksBuildPhase;
			buildActionMask = 2147483647;
			files = (
			);
			runOnlyForDeploymentPostprocessing = 0;
		};
/* End PBXFrameworksBuildPhase section */

/* Begin PBXGroup section */
		CCF4FCFD1BEC708D00E8FE27 = {
			isa = PBXGroup;
			children = (
				CCF4FD081BEC708D00E8FE27 /* UIApplicationDelegateDemo */,
				CCF4FD221BEC708D00E8FE27 /* UIApplicationDelegateDemoTests */,
				CCF4FD071BEC708D00E8FE27 /* Products */,
			);
			sourceTree = "<group>";
		};
		CCF4FD071BEC708D00E8FE27 /* Products */ = {
			isa = PBXGroup;
			children = (
				CCF4FD061BEC708D00E8FE27 /* UIApplicationDelegateDemo.app */,
				CCF4FD1F1BEC708D00E8FE27 /* UIApplicationDelegateDemoTests.xctest */,
			);
			name = Products;
			sourceTree = "<group>";
		};
		CCF4FD081BEC708D00E8FE27 /* UIApplicationDelegateDemo */ = {
			isa = PBXGroup;
			children = (
				CCF4FD0D1BEC708D00E8FE27 /* AppDelegate.h */,
				CCF4FD0E1BEC708D00E8FE27 /* AppDelegate.m */,
				CCF4FD101BEC708D00E8FE27 /* ViewController.h */,
				CCF4FD111BEC708D00E8FE27 /* ViewController.m */,
				CCF4FD131BEC708D00E8FE27 /* Main.storyboard */,
				CCF4FD161BEC708D00E8FE27 /* Images.xcassets */,
				CCF4FD181BEC708D00E8FE27 /* LaunchScreen.xib */,
				CCF4FD091BEC708D00E8FE27 /* Supporting Files */,
			);
			path = UIApplicationDelegateDemo;
			sourceTree = "<group>";
		};
		CCF4FD091BEC708D00E8FE27 /* Supporting Files */ = {
			isa = PBXGroup;
			children = (
				CCF4FD0A1BEC708D00E8FE27 /* Info.plist */,
				CCF4FD0B1BEC708D00E8FE27 /* main.m */,
			);
			name = "Supporting Files";
			sourceTree = "<group>";
		};
		CCF4FD221BEC708D00E8FE27 /* UIApplicationDelegateDemoTests */ = {
			isa = PBXGroup;
			children = (
				CCF4FD251BEC708D00E8FE27 /* UIApplicationDelegateDemoTests.m */,
				CCF4FD231BEC708D00E8FE27 /* Supporting Files */,
			);
			path = UIApplicationDelegateDemoTests;
			sourceTree = "<group>";
		};
		CCF4FD231BEC708D00E8FE27 /* Supporting Files */ = {
			isa = PBXGroup;
			children = (
				CCF4FD241BEC708D00E8FE27 /* Info.plist */,
			);
			name = "Supporting Files";
			sourceTree = "<group>";
		};
/* End PBXGroup section */

/* Begin PBXNativeTarget section */
		CCF4FD051BEC708D00E8FE27 /* UIApplicationDelegateDemo */ = {
			isa = PBXNativeTarget;
			buildConfigurationList = CCF4FD291BEC708D00E8FE27 /* Build configuration list for PBXNativeTarget "UIApplicationDelegateDemo" */;
			buildPhases = (
				CCF4FD021BEC708D00E8FE27 /* Sources */,
				CCF4FD031BEC708D00E8FE27 /* Frameworks */,
				CCF4FD041BEC708D00E8FE27 /* Resources */,
			);
			buildRules = (
			);
			dependencies = (
			);
			name = UIApplicationDelegateDemo;
			productName = UIApplicationDelegateDemo;
			productReference = CCF4FD061BEC708D00E8FE27 /* UIApplicationDelegateDemo.app */;
			productType = "com.apple.product-type.application";
		};
		CCF4FD1E1BEC708D00E8FE27 /* UIApplicationDelegateDemoTests */ = {
			isa = PBXNativeTarget;
			buildConfigurationList = CCF4FD2C1BEC708D00E8FE27 /* Build configuration list for PBXNativeTarget "UIApplicationDelegateDemoTests" */;
			buildPhases = (
				CCF4FD1B1BEC708D00E8FE27 /* Sources */,
				CCF4FD1C1BEC708D00E8FE27 /* Frameworks */,
				CCF4FD1D1BEC708D00E8FE27 /* Resources */,
			);
			buildRules = (
			);
			dependencies = (
				CCF4FD211BEC708D00E8FE27 /* PBXTargetDependency */,
			);
			name = UIApplicationDelegateDemoTests;
			productName = UIApplicationDelegateDemoTests;
			productReference = CCF4FD1F1BEC708D00E8FE27 /* UIApplicationDelegateDemoTests.xctest */;
			productType = "com.apple.product-type.bundle.unit-test";
		};
/* End PBXNativeTarget section */

/* Begin PBXProject section */
		CCF4FCFE1BEC708D00E8FE27 /* Project object */ = {
			isa = PBXProject;
			attributes = {
				LastUpgradeCheck = 0630;
				ORGANIZATIONNAME = "Sky-jay";
				TargetAttributes = {
					CCF4FD051BEC708D00E8FE27 = {
						CreatedOnToolsVersion = 6.3;
					};
					CCF4FD1E1BEC708D00E8FE27 = {
						CreatedOnToolsVersion = 6.3;
						TestTargetID = CCF4FD051BEC708D00E8FE27;
					};
				};
			};
			buildConfigurationList = CCF4FD011BEC708D00E8FE27 /* Build configuration list for PBXProject "UIApplicationDelegateDemo" */;
			compatibilityVersion = "Xcode 3.2";
			developmentRegion = English;
			hasScannedForEncodings = 0;
			knownRegions = (
				en,
				Base,
			);
			mainGroup = CCF4FCFD1BEC708D00E8FE27;
			productRefGroup = CCF4FD071BEC708D00E8FE27 /* Products */;
			projectDirPath = "";
			projectRoot = "";
			targets = (
				CCF4FD051BEC708D00E8FE27 /* UIApplicationDelegateDemo */,
				CCF4FD1E1BEC708D00E8FE27 /* UIApplicationDelegateDemoTests */,
			);
		};
/* End PBXProject section */

/* Begin PBXResourcesBuildPhase section */
		CCF4FD041BEC708D00E8FE27 /* Resources */ = {
			isa = PBXResourcesBuildPhase;
			buildActionMask = 2147483647;
			files = (
				CCF4FD151BEC708D00E8FE27 /* Main.storyboard in Resources */,
				CCF4FD1A1BEC708D00E8FE27 /* LaunchScreen.xib in Resources */,
				CCF4FD171BEC708D00E8FE27 /* Images.xcassets in Resources */,
			);
			runOnlyForDeploymentPostprocessing = 0;
		};
		CCF4FD1D1BEC708D00E8FE27 /* Resources */ = {
			isa = PBXResourcesBuildPhase;
			buildActionMask = 2147483647;
			files = (
			);
			runOnlyForDeploymentPostprocessing = 0;
		};
/* End PBXResourcesBuildPhase section */

/* Begin PBXSourcesBuildPhase section */
		CCF4FD021BEC708D00E8FE27 /* Sources */ = {
			isa = PBXSourcesBuildPhase;
			buildActionMask = 2147483647;
			files = (
				CCF4FD121BEC708D00E8FE27 /* ViewController.m in Sources */,
				CCF4FD0F1BEC708D00E8FE27 /* AppDelegate.m in Sources */,
				CCF4FD0C1BEC708D00E8FE27 /* main.m in Sources */,
			);
			runOnlyForDeploymentPostprocessing = 0;
		};
		CCF4FD1B1BEC708D00E8FE27 /* Sources */ = {
			isa = PBXSourcesBuildPhase;
			buildActionMask = 2147483647;
			files = (
				CCF4FD261BEC708D00E8FE27 /* UIApplicationDelegateDemoTests.m in Sources */,
			);
			runOnlyForDeploymentPostprocessing = 0;
		};
/* End PBXSourcesBuildPhase section */

/* Begin PBXTargetDependency section */
		CCF4FD211BEC708D00E8FE27 /* PBXTargetDependency */ = {
			isa = PBXTargetDependency;
			target = CCF4FD051BEC708D00E8FE27 /* UIApplicationDelegateDemo */;
			targetProxy = CCF4FD201BEC708D00E8FE27 /* PBXContainerItemProxy */;
		};
/* End PBXTargetDependency section */

/* Begin PBXVariantGroup section */
		CCF4FD131BEC708D00E8FE27 /* Main.storyboard */ = {
			isa = PBXVariantGroup;
			children = (
				CCF4FD141BEC708D00E8FE27 /* Base */,
			);
			name = Main.storyboard;
			sourceTree = "<group>";
		};
		CCF4FD181BEC708D00E8FE27 /* LaunchScreen.xib */ = {
			isa = PBXVariantGroup;
			children = (
				CCF4FD191BEC708D00E8FE27 /* Base */,
			);
			name = LaunchScreen.xib;
			sourceTree = "<group>";
		};
/* End PBXVariantGroup section */

/* Begin XCBuildConfiguration section */
		CCF4FD271BEC708D00E8FE27 /* Debug */ = {
			isa = XCBuildConfiguration;
			buildSettings = {
				ALWAYS_SEARCH_USER_PATHS = NO;
				CLANG_CXX_LANGUAGE_STANDARD = "gnu++0x";
				CLANG_CXX_LIBRARY = "libc++";
				CLANG_ENABLE_MODULES = YES;
				CLANG_ENABLE_OBJC_ARC = YES;
				CLANG_WARN_BOOL_CONVERSION = YES;
				CLANG_WARN_CONSTANT_CONVERSION = YES;
				CLANG_WARN_DIRECT_OBJC_ISA_USAGE = YES_ERROR;
				CLANG_WARN_EMPTY_BODY = YES;
				CLANG_WARN_ENUM_CONVERSION = YES;
				CLANG_WARN_INT_CONVERSION = YES;
				CLANG_WARN_OBJC_ROOT_CLASS = YES_ERROR;
				CLANG_WARN_UNREACHABLE_CODE = YES;
				CLANG_WARN__DUPLICATE_METHOD_MATCH = YES;
				"CODE_SIGN_IDENTITY[sdk=iphoneos*]" = "iPhone Developer";
				COPY_PHASE_STRIP = NO;
				DEBUG_INFORMATION_FORMAT = "dwarf-with-dsym";
				ENABLE_STRICT_OBJC_MSGSEND = YES;
				GCC_C_LANGUAGE_STANDARD = gnu99;
				GCC_DYNAMIC_NO_PIC = NO;
				GCC_NO_COMMON_BLOCKS = YES;
				GCC_OPTIMIZATION_LEVEL = 0;
				GCC_PREPROCESSOR_DEFINITIONS = (
					"DEBUG=1",
					"$(inherited)",
				);
				GCC_SYMBOLS_PRIVATE_EXTERN = NO;
				GCC_WARN_64_TO_32_BIT_CONVERSION = YES;
				GCC_WARN_ABOUT_RETURN_TYPE = YES_ERROR;
				GCC_WARN_UNDECLARED_SELECTOR = YES;
				GCC_WARN_UNINITIALIZED_AUTOS = YES_AGGRESSIVE;
				GCC_WARN_UNUSED_FUNCTION = YES;
				GCC_WARN_UNUSED_VARIABLE = YES;
				IPHONEOS_DEPLOYMENT_TARGET = 8.3;
				MTL_ENABLE_DEBUG_INFO = YES;
				ONLY_ACTIVE_ARCH = YES;
				SDKROOT = iphoneos;
				TARGETED_DEVICE_FAMILY = "1,2";
			};
			name = Debug;
		};
		CCF4FD281BEC708D00E8FE27 /* Release */ = {
			isa = XCBuildConfiguration;
			buildSettings = {
				ALWAYS_SEARCH_USER_PATHS = NO;
				CLANG_CXX_LANGUAGE_STANDARD = "gnu++0x";
				CLANG_CXX_LIBRARY = "libc++";
				CLANG_ENABLE_MODULES = YES;
				CLANG_ENABLE_OBJC_ARC = YES;
				CLANG_WARN_BOOL_CONVERSION = YES;
				CLANG_WARN_CONSTANT_CONVERSION = YES;
				CLANG_WARN_DIRECT_OBJC_ISA_USAGE = YES_ERROR;
				CLANG_WARN_EMPTY_BODY = YES;
				CLANG_WARN_ENUM_CONVERSION = YES;
				CLANG_WARN_INT_CONVERSION = YES;
				CLANG_WARN_OBJC_ROOT_CLASS = YES_ERROR;
				CLANG_WARN_UNREACHABLE_CODE = YES;
				CLANG_WARN__DUPLICATE_METHOD_MATCH = YES;
				"CODE_SIGN_IDENTITY[sdk=iphoneos*]" = "iPhone Developer";
				COPY_PHASE_STRIP = NO;
				DEBUG_INFORMATION_FORMAT = "dwarf-with-dsym";
				ENABLE_NS_ASSERTIONS = NO;
				ENABLE_STRICT_OBJC_MSGSEND = YES;
				GCC_C_LANGUAGE_STANDARD = gnu99;
				GCC_NO_COMMON_BLOCKS = YES;
				GCC_WARN_64_TO_32_BIT_CONVERSION = YES;
				GCC_WARN_ABOUT_RETURN_TYPE = YES_ERROR;
				GCC_WARN_UNDECLARED_SELECTOR = YES;
				GCC_WARN_UNINITIALIZED_AUTOS = YES_AGGRESSIVE;
				GCC_WARN_UNUSED_FUNCTION = YES;
				GCC_WARN_UNUSED_VARIABLE = YES;
				IPHONEOS_DEPLOYMENT_TARGET = 8.3;
				MTL_ENABLE_DEBUG_INFO = NO;
				SDKROOT = iphoneos;
				TARGETED_DEVICE_FAMILY = "1,2";
				VALIDATE_PRODUCT = YES;
			};
			name = Release;
		};
		CCF4FD2A1BEC708D00E8FE27 /* Debug */ = {
			isa = XCBuildConfiguration;
			buildSettings = {
				ASSETCATALOG_COMPILER_APPICON_NAME = AppIcon;
				INFOPLIST_FILE = UIApplicationDelegateDemo/Info.plist;
				LD_RUNPATH_SEARCH_PATHS = "$(inherited) @executable_path/Frameworks";
				PRODUCT_NAME = "$(TARGET_NAME)";
			};
			name = Debug;
		};
		CCF4FD2B1BEC708D00E8FE27 /* Release */ = {
			isa = XCBuildConfiguration;
			buildSettings = {
				ASSETCATALOG_COMPILER_APPICON_NAME = AppIcon;
				INFOPLIST_FILE = UIApplicationDelegateDemo/Info.plist;
				LD_RUNPATH_SEARCH_PATHS = "$(inherited) @executable_path/Frameworks";
				PRODUCT_NAME = "$(TARGET_NAME)";
			};
			name = Release;
		};
		CCF4FD2D1BEC708D00E8FE27 /* Debug */ = {
			isa = XCBuildConfiguration;
			buildSettings = {
				BUNDLE_LOADER = "$(TEST_HOST)";
				FRAMEWORK_SEARCH_PATHS = (
					"$(SDKROOT)/Developer/Library/Frameworks",
					"$(inherited)",
				);
				GCC_PREPROCESSOR_DEFINITIONS = (
					"DEBUG=1",
					"$(inherited)",
				);
				INFOPLIST_FILE = UIApplicationDelegateDemoTests/Info.plist;
				LD_RUNPATH_SEARCH_PATHS = "$(inherited) @executable_path/Frameworks @loader_path/Frameworks";
				PRODUCT_NAME = "$(TARGET_NAME)";
				TEST_HOST = "$(BUILT_PRODUCTS_DIR)/UIApplicationDelegateDemo.app/UIApplicationDelegateDemo";
			};
			name = Debug;
		};
		CCF4FD2E1BEC708D00E8FE27 /* Release */ = {
			isa = XCBuildConfiguration;
			buildSettings = {
				BUNDLE_LOADER = "$(TEST_HOST)";
				FRAMEWORK_SEARCH_PATHS = (
					"$(SDKROOT)/Developer/Library/Frameworks",
					"$(inherited)",
				);
				INFOPLIST_FILE = UIApplicationDelegateDemoTests/Info.plist;
				LD_RUNPATH_SEARCH_PATHS = "$(inherited) @executable_path/Frameworks @loader_path/Frameworks";
				PRODUCT_NAME = "$(TARGET_NAME)";
				TEST_HOST = "$(BUILT_PRODUCTS_DIR)/UIApplicationDelegateDemo.app/UIApplicationDelegateDemo";
			};
			name = Release;
		};
/* End XCBuildConfiguration section */

/* Begin XCConfigurationList section */
		CCF4FD011BEC708D00E8FE27 /* Build configuration list for PBXProject "UIApplicationDelegateDemo" */ = {
			isa = XCConfigurationList;
			buildConfigurations = (
				CCF4FD271BEC708D00E8FE27 /* Debug */,
				CCF4FD281BEC708D00E8FE27 /* Release */,
			);
			defaultConfigurationIsVisible = 0;
			defaultConfigurationName = Release;
		};
		CCF4FD291BEC708D00E8FE27 /* Build configuration list for PBXNativeTarget "UIApplicationDelegateDemo" */ = {
			isa = XCConfigurationList;
			buildConfigurations = (
				CCF4FD2A1BEC708D00E8FE27 /* Debug */,
				CCF4FD2B1BEC708D00E8FE27 /* Release */,
			);
			defaultConfigurationIsVisible = 0;
		};
		CCF4FD2C1BEC708D00E8FE27 /* Build configuration list for PBXNativeTarget "UIApplicationDelegateDemoTests" */ = {
			isa = XCConfigurationList;
			buildConfigurations = (
				CCF4FD2D1BEC708D00E8FE27 /* Debug */,
				CCF4FD2E1BEC708D00E8FE27 /* Release */,
			);
			defaultConfigurationIsVisible = 0;
		};
/* End XCConfigurationList section */
	};
	rootObject = CCF4FCFE1BEC708D00E8FE27 /* Project object */;
}
