// !$*UTF8*$!
{
	archiveVersion = 1;
	classes = {
	};
	objectVersion = 46;
	objects = {

/* Begin PBXBuildFile section */
		CC25BFD81BECA18B0066DB5E /* main.m in Sources */ = {isa = PBXBuildFile; fileRef = CC25BFD71BECA18B0066DB5E /* main.m */; };
		CC25BFDB1BECA18B0066DB5E /* AppDelegate.m in Sources */ = {isa = PBXBuildFile; fileRef = CC25BFDA1BECA18B0066DB5E /* AppDelegate.m */; };
		CC25BFDE1BECA18B0066DB5E /* ViewController.m in Sources */ = {isa = PBXBuildFile; fileRef = CC25BFDD1BECA18B0066DB5E /* ViewController.m */; };
		CC25BFE11BECA18B0066DB5E /* Main.storyboard in Resources */ = {isa = PBXBuildFile; fileRef = CC25BFDF1BECA18B0066DB5E /* Main.storyboard */; };
		CC25BFE31BECA18B0066DB5E /* Images.xcassets in Resources */ = {isa = PBXBuildFile; fileRef = CC25BFE21BECA18B0066DB5E /* Images.xcassets */; };
		CC25BFE61BECA18B0066DB5E /* LaunchScreen.xib in Resources */ = {isa = PBXBuildFile; fileRef = CC25BFE41BECA18B0066DB5E /* LaunchScreen.xib */; };
		CC25BFF21BECA18B0066DB5E /* TunTuDemoTests.m in Sources */ = {isa = PBXBuildFile; fileRef = CC25BFF11BECA18B0066DB5E /* TunTuDemoTests.m */; };
/* End PBXBuildFile section */

/* Begin PBXContainerItemProxy section */
		CC25BFEC1BECA18B0066DB5E /* PBXContainerItemProxy */ = {
			isa = PBXContainerItemProxy;
			containerPortal = CC25BFCA1BECA18B0066DB5E /* Project object */;
			proxyType = 1;
			remoteGlobalIDString = CC25BFD11BECA18B0066DB5E;
			remoteInfo = TunTuDemo;
		};
/* End PBXContainerItemProxy section */

/* Begin PBXFileReference section */
		CC25BFD21BECA18B0066DB5E /* TunTuDemo.app */ = {isa = PBXFileReference; explicitFileType = wrapper.application; includeInIndex = 0; path = TunTuDemo.app; sourceTree = BUILT_PRODUCTS_DIR; };
		CC25BFD61BECA18B0066DB5E /* Info.plist */ = {isa = PBXFileReference; lastKnownFileType = text.plist.xml; path = Info.plist; sourceTree = "<group>"; };
		CC25BFD71BECA18B0066DB5E /* main.m */ = {isa = PBXFileReference; lastKnownFileType = sourcecode.c.objc; path = main.m; sourceTree = "<group>"; };
		CC25BFD91BECA18B0066DB5E /* AppDelegate.h */ = {isa = PBXFileReference; lastKnownFileType = sourcecode.c.h; path = AppDelegate.h; sourceTree = "<group>"; };
		CC25BFDA1BECA18B0066DB5E /* AppDelegate.m */ = {isa = PBXFileReference; lastKnownFileType = sourcecode.c.objc; path = AppDelegate.m; sourceTree = "<group>"; };
		CC25BFDC1BECA18B0066DB5E /* ViewController.h */ = {isa = PBXFileReference; lastKnownFileType = sourcecode.c.h; path = ViewController.h; sourceTree = "<group>"; };
		CC25BFDD1BECA18B0066DB5E /* ViewController.m */ = {isa = PBXFileReference; lastKnownFileType = sourcecode.c.objc; path = ViewController.m; sourceTree = "<group>"; };
		CC25BFE01BECA18B0066DB5E /* Base */ = {isa = PBXFileReference; lastKnownFileType = file.storyboard; name = Base; path = Base.lproj/Main.storyboard; sourceTree = "<group>"; };
		CC25BFE21BECA18B0066DB5E /* Images.xcassets */ = {isa = PBXFileReference; lastKnownFileType = folder.assetcatalog; path = Images.xcassets; sourceTree = "<group>"; };
		CC25BFE51BECA18B0066DB5E /* Base */ = {isa = PBXFileReference; lastKnownFileType = file.xib; name = Base; path = Base.lproj/LaunchScreen.xib; sourceTree = "<group>"; };
		CC25BFEB1BECA18B0066DB5E /* TunTuDemoTests.xctest */ = {isa = PBXFileReference; explicitFileType = wrapper.cfbundle; includeInIndex = 0; path = TunTuDemoTests.xctest; sourceTree = BUILT_PRODUCTS_DIR; };
		CC25BFF01BECA18B0066DB5E /* Info.plist */ = {isa = PBXFileReference; lastKnownFileType = text.plist.xml; path = Info.plist; sourceTree = "<group>"; };
		CC25BFF11BECA18B0066DB5E /* TunTuDemoTests.m */ = {isa = PBXFileReference; lastKnownFileType = sourcecode.c.objc; path = TunTuDemoTests.m; sourceTree = "<group>"; };
/* End PBXFileReference section */

/* Begin PBXFrameworksBuildPhase section */
		CC25BFCF1BECA18B0066DB5E /* Frameworks */ = {
			isa = PBXFrameworksBuildPhase;
			buildActionMask = 2147483647;
			files = (
			);
			runOnlyForDeploymentPostprocessing = 0;
		};
		CC25BFE81BECA18B0066DB5E /* Frameworks */ = {
			isa = PBXFrameworksBuildPhase;
			buildActionMask = 2147483647;
			files = (
			);
			runOnlyForDeploymentPostprocessing = 0;
		};
/* End PBXFrameworksBuildPhase section */

/* Begin PBXGroup section */
		CC25BFC91BECA18B0066DB5E = {
			isa = PBXGroup;
			children = (
				CC25BFD41BECA18B0066DB5E /* TunTuDemo */,
				CC25BFEE1BECA18B0066DB5E /* TunTuDemoTests */,
				CC25BFD31BECA18B0066DB5E /* Products */,
			);
			sourceTree = "<group>";
		};
		CC25BFD31BECA18B0066DB5E /* Products */ = {
			isa = PBXGroup;
			children = (
				CC25BFD21BECA18B0066DB5E /* TunTuDemo.app */,
				CC25BFEB1BECA18B0066DB5E /* TunTuDemoTests.xctest */,
			);
			name = Products;
			sourceTree = "<group>";
		};
		CC25BFD41BECA18B0066DB5E /* TunTuDemo */ = {
			isa = PBXGroup;
			children = (
				CC25BFD91BECA18B0066DB5E /* AppDelegate.h */,
				CC25BFDA1BECA18B0066DB5E /* AppDelegate.m */,
				CC25BFDC1BECA18B0066DB5E /* ViewController.h */,
				CC25BFDD1BECA18B0066DB5E /* ViewController.m */,
				CC25BFDF1BECA18B0066DB5E /* Main.storyboard */,
				CC25BFE21BECA18B0066DB5E /* Images.xcassets */,
				CC25BFE41BECA18B0066DB5E /* LaunchScreen.xib */,
				CC25BFD51BECA18B0066DB5E /* Supporting Files */,
			);
			path = TunTuDemo;
			sourceTree = "<group>";
		};
		CC25BFD51BECA18B0066DB5E /* Supporting Files */ = {
			isa = PBXGroup;
			children = (
				CC25BFD61BECA18B0066DB5E /* Info.plist */,
				CC25BFD71BECA18B0066DB5E /* main.m */,
			);
			name = "Supporting Files";
			sourceTree = "<group>";
		};
		CC25BFEE1BECA18B0066DB5E /* TunTuDemoTests */ = {
			isa = PBXGroup;
			children = (
				CC25BFF11BECA18B0066DB5E /* TunTuDemoTests.m */,
				CC25BFEF1BECA18B0066DB5E /* Supporting Files */,
			);
			path = TunTuDemoTests;
			sourceTree = "<group>";
		};
		CC25BFEF1BECA18B0066DB5E /* Supporting Files */ = {
			isa = PBXGroup;
			children = (
				CC25BFF01BECA18B0066DB5E /* Info.plist */,
			);
			name = "Supporting Files";
			sourceTree = "<group>";
		};
/* End PBXGroup section */

/* Begin PBXNativeTarget section */
		CC25BFD11BECA18B0066DB5E /* TunTuDemo */ = {
			isa = PBXNativeTarget;
			buildConfigurationList = CC25BFF51BECA18B0066DB5E /* Build configuration list for PBXNativeTarget "TunTuDemo" */;
			buildPhases = (
				CC25BFCE1BECA18B0066DB5E /* Sources */,
				CC25BFCF1BECA18B0066DB5E /* Frameworks */,
				CC25BFD01BECA18B0066DB5E /* Resources */,
			);
			buildRules = (
			);
			dependencies = (
			);
			name = TunTuDemo;
			productName = TunTuDemo;
			productReference = CC25BFD21BECA18B0066DB5E /* TunTuDemo.app */;
			productType = "com.apple.product-type.application";
		};
		CC25BFEA1BECA18B0066DB5E /* TunTuDemoTests */ = {
			isa = PBXNativeTarget;
			buildConfigurationList = CC25BFF81BECA18B0066DB5E /* Build configuration list for PBXNativeTarget "TunTuDemoTests" */;
			buildPhases = (
				CC25BFE71BECA18B0066DB5E /* Sources */,
				CC25BFE81BECA18B0066DB5E /* Frameworks */,
				CC25BFE91BECA18B0066DB5E /* Resources */,
			);
			buildRules = (
			);
			dependencies = (
				CC25BFED1BECA18B0066DB5E /* PBXTargetDependency */,
			);
			name = TunTuDemoTests;
			productName = TunTuDemoTests;
			productReference = CC25BFEB1BECA18B0066DB5E /* TunTuDemoTests.xctest */;
			productType = "com.apple.product-type.bundle.unit-test";
		};
/* End PBXNativeTarget section */

/* Begin PBXProject section */
		CC25BFCA1BECA18B0066DB5E /* Project object */ = {
			isa = PBXProject;
			attributes = {
				LastUpgradeCheck = 0630;
				ORGANIZATIONNAME = "Sky-jay";
				TargetAttributes = {
					CC25BFD11BECA18B0066DB5E = {
						CreatedOnToolsVersion = 6.3;
					};
					CC25BFEA1BECA18B0066DB5E = {
						CreatedOnToolsVersion = 6.3;
						TestTargetID = CC25BFD11BECA18B0066DB5E;
					};
				};
			};
			buildConfigurationList = CC25BFCD1BECA18B0066DB5E /* Build configuration list for PBXProject "TunTuDemo" */;
			compatibilityVersion = "Xcode 3.2";
			developmentRegion = English;
			hasScannedForEncodings = 0;
			knownRegions = (
				en,
				Base,
			);
			mainGroup = CC25BFC91BECA18B0066DB5E;
			productRefGroup = CC25BFD31BECA18B0066DB5E /* Products */;
			projectDirPath = "";
			projectRoot = "";
			targets = (
				CC25BFD11BECA18B0066DB5E /* TunTuDemo */,
				CC25BFEA1BECA18B0066DB5E /* TunTuDemoTests */,
			);
		};
/* End PBXProject section */

/* Begin PBXResourcesBuildPhase section */
		CC25BFD01BECA18B0066DB5E /* Resources */ = {
			isa = PBXResourcesBuildPhase;
			buildActionMask = 2147483647;
			files = (
				CC25BFE11BECA18B0066DB5E /* Main.storyboard in Resources */,
				CC25BFE61BECA18B0066DB5E /* LaunchScreen.xib in Resources */,
				CC25BFE31BECA18B0066DB5E /* Images.xcassets in Resources */,
			);
			runOnlyForDeploymentPostprocessing = 0;
		};
		CC25BFE91BECA18B0066DB5E /* Resources */ = {
			isa = PBXResourcesBuildPhase;
			buildActionMask = 2147483647;
			files = (
			);
			runOnlyForDeploymentPostprocessing = 0;
		};
/* End PBXResourcesBuildPhase section */

/* Begin PBXSourcesBuildPhase section */
		CC25BFCE1BECA18B0066DB5E /* Sources */ = {
			isa = PBXSourcesBuildPhase;
			buildActionMask = 2147483647;
			files = (
				CC25BFDE1BECA18B0066DB5E /* ViewController.m in Sources */,
				CC25BFDB1BECA18B0066DB5E /* AppDelegate.m in Sources */,
				CC25BFD81BECA18B0066DB5E /* main.m in Sources */,
			);
			runOnlyForDeploymentPostprocessing = 0;
		};
		CC25BFE71BECA18B0066DB5E /* Sources */ = {
			isa = PBXSourcesBuildPhase;
			buildActionMask = 2147483647;
			files = (
				CC25BFF21BECA18B0066DB5E /* TunTuDemoTests.m in Sources */,
			);
			runOnlyForDeploymentPostprocessing = 0;
		};
/* End PBXSourcesBuildPhase section */

/* Begin PBXTargetDependency section */
		CC25BFED1BECA18B0066DB5E /* PBXTargetDependency */ = {
			isa = PBXTargetDependency;
			target = CC25BFD11BECA18B0066DB5E /* TunTuDemo */;
			targetProxy = CC25BFEC1BECA18B0066DB5E /* PBXContainerItemProxy */;
		};
/* End PBXTargetDependency section */

/* Begin PBXVariantGroup section */
		CC25BFDF1BECA18B0066DB5E /* Main.storyboard */ = {
			isa = PBXVariantGroup;
			children = (
				CC25BFE01BECA18B0066DB5E /* Base */,
			);
			name = Main.storyboard;
			sourceTree = "<group>";
		};
		CC25BFE41BECA18B0066DB5E /* LaunchScreen.xib */ = {
			isa = PBXVariantGroup;
			children = (
				CC25BFE51BECA18B0066DB5E /* Base */,
			);
			name = LaunchScreen.xib;
			sourceTree = "<group>";
		};
/* End PBXVariantGroup section */

/* Begin XCBuildConfiguration section */
		CC25BFF31BECA18B0066DB5E /* Debug */ = {
			isa = XCBuildConfiguration;
			buildSettings = {
				ALWAYS_SEARCH_USER_PATHS = NO;
				CLANG_CXX_LANGUAGE_STANDARD = "gnu++0x";
				CLANG_CXX_LIBRARY = "libc++";
				CLANG_ENABLE_MODULES = YES;
				CLANG_ENABLE_OBJC_ARC = YES;
				CLANG_WARN_BOOL_CONVERSION = YES;
				CLANG_WARN_CONSTANT_CONVERSION = YES;
				CLANG_WARN_DIRECT_OBJC_ISA_USAGE = YES_ERROR;
				CLANG_WARN_EMPTY_BODY = YES;
				CLANG_WARN_ENUM_CONVERSION = YES;
				CLANG_WARN_INT_CONVERSION = YES;
				CLANG_WARN_OBJC_ROOT_CLASS = YES_ERROR;
				CLANG_WARN_UNREACHABLE_CODE = YES;
				CLANG_WARN__DUPLICATE_METHOD_MATCH = YES;
				"CODE_SIGN_IDENTITY[sdk=iphoneos*]" = "iPhone Developer";
				COPY_PHASE_STRIP = NO;
				DEBUG_INFORMATION_FORMAT = "dwarf-with-dsym";
				ENABLE_STRICT_OBJC_MSGSEND = YES;
				GCC_C_LANGUAGE_STANDARD = gnu99;
				GCC_DYNAMIC_NO_PIC = NO;
				GCC_NO_COMMON_BLOCKS = YES;
				GCC_OPTIMIZATION_LEVEL = 0;
				GCC_PREPROCESSOR_DEFINITIONS = (
					"DEBUG=1",
					"$(inherited)",
				);
				GCC_SYMBOLS_PRIVATE_EXTERN = NO;
				GCC_WARN_64_TO_32_BIT_CONVERSION = YES;
				GCC_WARN_ABOUT_RETURN_TYPE = YES_ERROR;
				GCC_WARN_UNDECLARED_SELECTOR = YES;
				GCC_WARN_UNINITIALIZED_AUTOS = YES_AGGRESSIVE;
				GCC_WARN_UNUSED_FUNCTION = YES;
				GCC_WARN_UNUSED_VARIABLE = YES;
				IPHONEOS_DEPLOYMENT_TARGET = 8.3;
				MTL_ENABLE_DEBUG_INFO = YES;
				ONLY_ACTIVE_ARCH = YES;
				SDKROOT = iphoneos;
				TARGETED_DEVICE_FAMILY = "1,2";
			};
			name = Debug;
		};
		CC25BFF41BECA18B0066DB5E /* Release */ = {
			isa = XCBuildConfiguration;
			buildSettings = {
				ALWAYS_SEARCH_USER_PATHS = NO;
				CLANG_CXX_LANGUAGE_STANDARD = "gnu++0x";
				CLANG_CXX_LIBRARY = "libc++";
				CLANG_ENABLE_MODULES = YES;
				CLANG_ENABLE_OBJC_ARC = YES;
				CLANG_WARN_BOOL_CONVERSION = YES;
				CLANG_WARN_CONSTANT_CONVERSION = YES;
				CLANG_WARN_DIRECT_OBJC_ISA_USAGE = YES_ERROR;
				CLANG_WARN_EMPTY_BODY = YES;
				CLANG_WARN_ENUM_CONVERSION = YES;
				CLANG_WARN_INT_CONVERSION = YES;
				CLANG_WARN_OBJC_ROOT_CLASS = YES_ERROR;
				CLANG_WARN_UNREACHABLE_CODE = YES;
				CLANG_WARN__DUPLICATE_METHOD_MATCH = YES;
				"CODE_SIGN_IDENTITY[sdk=iphoneos*]" = "iPhone Developer";
				COPY_PHASE_STRIP = NO;
				DEBUG_INFORMATION_FORMAT = "dwarf-with-dsym";
				ENABLE_NS_ASSERTIONS = NO;
				ENABLE_STRICT_OBJC_MSGSEND = YES;
				GCC_C_LANGUAGE_STANDARD = gnu99;
				GCC_NO_COMMON_BLOCKS = YES;
				GCC_WARN_64_TO_32_BIT_CONVERSION = YES;
				GCC_WARN_ABOUT_RETURN_TYPE = YES_ERROR;
				GCC_WARN_UNDECLARED_SELECTOR = YES;
				GCC_WARN_UNINITIALIZED_AUTOS = YES_AGGRESSIVE;
				GCC_WARN_UNUSED_FUNCTION = YES;
				GCC_WARN_UNUSED_VARIABLE = YES;
				IPHONEOS_DEPLOYMENT_TARGET = 8.3;
				MTL_ENABLE_DEBUG_INFO = NO;
				SDKROOT = iphoneos;
				TARGETED_DEVICE_FAMILY = "1,2";
				VALIDATE_PRODUCT = YES;
			};
			name = Release;
		};
		CC25BFF61BECA18B0066DB5E /* Debug */ = {
			isa = XCBuildConfiguration;
			buildSettings = {
				ASSETCATALOG_COMPILER_APPICON_NAME = AppIcon;
				INFOPLIST_FILE = TunTuDemo/Info.plist;
				LD_RUNPATH_SEARCH_PATHS = "$(inherited) @executable_path/Frameworks";
				PRODUCT_NAME = "$(TARGET_NAME)";
			};
			name = Debug;
		};
		CC25BFF71BECA18B0066DB5E /* Release */ = {
			isa = XCBuildConfiguration;
			buildSettings = {
				ASSETCATALOG_COMPILER_APPICON_NAME = AppIcon;
				INFOPLIST_FILE = TunTuDemo/Info.plist;
				LD_RUNPATH_SEARCH_PATHS = "$(inherited) @executable_path/Frameworks";
				PRODUCT_NAME = "$(TARGET_NAME)";
			};
			name = Release;
		};
		CC25BFF91BECA18B0066DB5E /* Debug */ = {
			isa = XCBuildConfiguration;
			buildSettings = {
				BUNDLE_LOADER = "$(TEST_HOST)";
				FRAMEWORK_SEARCH_PATHS = (
					"$(SDKROOT)/Developer/Library/Frameworks",
					"$(inherited)",
				);
				GCC_PREPROCESSOR_DEFINITIONS = (
					"DEBUG=1",
					"$(inherited)",
				);
				INFOPLIST_FILE = TunTuDemoTests/Info.plist;
				LD_RUNPATH_SEARCH_PATHS = "$(inherited) @executable_path/Frameworks @loader_path/Frameworks";
				PRODUCT_NAME = "$(TARGET_NAME)";
				TEST_HOST = "$(BUILT_PRODUCTS_DIR)/TunTuDemo.app/TunTuDemo";
			};
			name = Debug;
		};
		CC25BFFA1BECA18B0066DB5E /* Release */ = {
			isa = XCBuildConfiguration;
			buildSettings = {
				BUNDLE_LOADER = "$(TEST_HOST)";
				FRAMEWORK_SEARCH_PATHS = (
					"$(SDKROOT)/Developer/Library/Frameworks",
					"$(inherited)",
				);
				INFOPLIST_FILE = TunTuDemoTests/Info.plist;
				LD_RUNPATH_SEARCH_PATHS = "$(inherited) @executable_path/Frameworks @loader_path/Frameworks";
				PRODUCT_NAME = "$(TARGET_NAME)";
				TEST_HOST = "$(BUILT_PRODUCTS_DIR)/TunTuDemo.app/TunTuDemo";
			};
			name = Release;
		};
/* End XCBuildConfiguration section */

/* Begin XCConfigurationList section */
		CC25BFCD1BECA18B0066DB5E /* Build configuration list for PBXProject "TunTuDemo" */ = {
			isa = XCConfigurationList;
			buildConfigurations = (
				CC25BFF31BECA18B0066DB5E /* Debug */,
				CC25BFF41BECA18B0066DB5E /* Release */,
			);
			defaultConfigurationIsVisible = 0;
			defaultConfigurationName = Release;
		};
		CC25BFF51BECA18B0066DB5E /* Build configuration list for PBXNativeTarget "TunTuDemo" */ = {
			isa = XCConfigurationList;
			buildConfigurations = (
				CC25BFF61BECA18B0066DB5E /* Debug */,
				CC25BFF71BECA18B0066DB5E /* Release */,
			);
			defaultConfigurationIsVisible = 0;
		};
		CC25BFF81BECA18B0066DB5E /* Build configuration list for PBXNativeTarget "TunTuDemoTests" */ = {
			isa = XCConfigurationList;
			buildConfigurations = (
				CC25BFF91BECA18B0066DB5E /* Debug */,
				CC25BFFA1BECA18B0066DB5E /* Release */,
			);
			defaultConfigurationIsVisible = 0;
		};
/* End XCConfigurationList section */
	};
	rootObject = CC25BFCA1BECA18B0066DB5E /* Project object */;
}
