// !$*UTF8*$!
{
	archiveVersion = 1;
	classes = {
	};
	objectVersion = 46;
	objects = {

/* Begin PBXBuildFile section */
		CC616AFF1BEAE67C00386094 /* main.m in Sources */ = {isa = PBXBuildFile; fileRef = CC616AFE1BEAE67C00386094 /* main.m */; };
		CC616B021BEAE67C00386094 /* AppDelegate.m in Sources */ = {isa = PBXBuildFile; fileRef = CC616B011BEAE67C00386094 /* AppDelegate.m */; };
		CC616B051BEAE67C00386094 /* ViewController.m in Sources */ = {isa = PBXBuildFile; fileRef = CC616B041BEAE67C00386094 /* ViewController.m */; };
		CC616B081BEAE67C00386094 /* Main.storyboard in Resources */ = {isa = PBXBuildFile; fileRef = CC616B061BEAE67C00386094 /* Main.storyboard */; };
		CC616B0A1BEAE67C00386094 /* Images.xcassets in Resources */ = {isa = PBXBuildFile; fileRef = CC616B091BEAE67C00386094 /* Images.xcassets */; };
		CC616B0D1BEAE67C00386094 /* LaunchScreen.xib in Resources */ = {isa = PBXBuildFile; fileRef = CC616B0B1BEAE67C00386094 /* LaunchScreen.xib */; };
		CC616B191BEAE67C00386094 /* UIButtonDemoTests.m in Sources */ = {isa = PBXBuildFile; fileRef = CC616B181BEAE67C00386094 /* UIButtonDemoTests.m */; };
		CC616B321BEAE69B00386094 /* compass-bg.png in Resources */ = {isa = PBXBuildFile; fileRef = CC616B231BEAE69B00386094 /* compass-bg.png */; };
		CC616B331BEAE69B00386094 /* down-normal.png in Resources */ = {isa = PBXBuildFile; fileRef = CC616B241BEAE69B00386094 /* down-normal.png */; };
		CC616B341BEAE69B00386094 /* down-tap.png in Resources */ = {isa = PBXBuildFile; fileRef = CC616B251BEAE69B00386094 /* down-tap.png */; };
		CC616B351BEAE69B00386094 /* left-normal.png in Resources */ = {isa = PBXBuildFile; fileRef = CC616B261BEAE69B00386094 /* left-normal.png */; };
		CC616B361BEAE69B00386094 /* left-tap.png in Resources */ = {isa = PBXBuildFile; fileRef = CC616B271BEAE69B00386094 /* left-tap.png */; };
		CC616B371BEAE69B00386094 /* main-bg.png in Resources */ = {isa = PBXBuildFile; fileRef = CC616B281BEAE69B00386094 /* main-bg.png */; };
		CC616B381BEAE69B00386094 /* powerbut-icon-off.png in Resources */ = {isa = PBXBuildFile; fileRef = CC616B291BEAE69B00386094 /* powerbut-icon-off.png */; };
		CC616B391BEAE69B00386094 /* powerbut-icon-on.png in Resources */ = {isa = PBXBuildFile; fileRef = CC616B2A1BEAE69B00386094 /* powerbut-icon-on.png */; };
		CC616B3A1BEAE69B00386094 /* powerbut-tap.png in Resources */ = {isa = PBXBuildFile; fileRef = CC616B2B1BEAE69B00386094 /* powerbut-tap.png */; };
		CC616B3B1BEAE69B00386094 /* powerbut.png in Resources */ = {isa = PBXBuildFile; fileRef = CC616B2C1BEAE69B00386094 /* powerbut.png */; };
		CC616B3C1BEAE69B00386094 /* right-normal.png in Resources */ = {isa = PBXBuildFile; fileRef = CC616B2D1BEAE69B00386094 /* right-normal.png */; };
		CC616B3D1BEAE69B00386094 /* right-tap.png in Resources */ = {isa = PBXBuildFile; fileRef = CC616B2E1BEAE69B00386094 /* right-tap.png */; };
		CC616B3E1BEAE69B00386094 /* unit_39.png in Resources */ = {isa = PBXBuildFile; fileRef = CC616B2F1BEAE69B00386094 /* unit_39.png */; };
		CC616B3F1BEAE69B00386094 /* up-normal.png in Resources */ = {isa = PBXBuildFile; fileRef = CC616B301BEAE69B00386094 /* up-normal.png */; };
		CC616B401BEAE69B00386094 /* up-tap.png in Resources */ = {isa = PBXBuildFile; fileRef = CC616B311BEAE69B00386094 /* up-tap.png */; };
		CCDC547B1BEB00300021C083 /* light_24.png in Resources */ = {isa = PBXBuildFile; fileRef = CCDC54781BEB00300021C083 /* light_24.png */; };
		CCDC547C1BEB00300021C083 /* light_26.png in Resources */ = {isa = PBXBuildFile; fileRef = CCDC54791BEB00300021C083 /* light_26.png */; };
		CCDC547D1BEB00300021C083 /* mainbut-bg.png in Resources */ = {isa = PBXBuildFile; fileRef = CCDC547A1BEB00300021C083 /* mainbut-bg.png */; };
		CCDC54801BEB03990021C083 /* power-default-off.png in Resources */ = {isa = PBXBuildFile; fileRef = CCDC547E1BEB03980021C083 /* power-default-off.png */; };
		CCDC54811BEB03990021C083 /* power-default-on.png in Resources */ = {isa = PBXBuildFile; fileRef = CCDC547F1BEB03990021C083 /* power-default-on.png */; };
		CCDC54841BEB095A0021C083 /* light_07.png in Resources */ = {isa = PBXBuildFile; fileRef = CCDC54821BEB095A0021C083 /* light_07.png */; };
		CCDC54851BEB095A0021C083 /* lightOff_07.png in Resources */ = {isa = PBXBuildFile; fileRef = CCDC54831BEB095A0021C083 /* lightOff_07.png */; };
/* End PBXBuildFile section */

/* Begin PBXContainerItemProxy section */
		CC616B131BEAE67C00386094 /* PBXContainerItemProxy */ = {
			isa = PBXContainerItemProxy;
			containerPortal = CC616AF11BEAE67B00386094 /* Project object */;
			proxyType = 1;
			remoteGlobalIDString = CC616AF81BEAE67B00386094;
			remoteInfo = UIButtonDemo;
		};
/* End PBXContainerItemProxy section */

/* Begin PBXFileReference section */
		CC616AF91BEAE67B00386094 /* UIButtonDemo.app */ = {isa = PBXFileReference; explicitFileType = wrapper.application; includeInIndex = 0; path = UIButtonDemo.app; sourceTree = BUILT_PRODUCTS_DIR; };
		CC616AFD1BEAE67C00386094 /* Info.plist */ = {isa = PBXFileReference; lastKnownFileType = text.plist.xml; path = Info.plist; sourceTree = "<group>"; };
		CC616AFE1BEAE67C00386094 /* main.m */ = {isa = PBXFileReference; lastKnownFileType = sourcecode.c.objc; path = main.m; sourceTree = "<group>"; };
		CC616B001BEAE67C00386094 /* AppDelegate.h */ = {isa = PBXFileReference; lastKnownFileType = sourcecode.c.h; path = AppDelegate.h; sourceTree = "<group>"; };
		CC616B011BEAE67C00386094 /* AppDelegate.m */ = {isa = PBXFileReference; lastKnownFileType = sourcecode.c.objc; path = AppDelegate.m; sourceTree = "<group>"; };
		CC616B031BEAE67C00386094 /* ViewController.h */ = {isa = PBXFileReference; lastKnownFileType = sourcecode.c.h; path = ViewController.h; sourceTree = "<group>"; };
		CC616B041BEAE67C00386094 /* ViewController.m */ = {isa = PBXFileReference; lastKnownFileType = sourcecode.c.objc; path = ViewController.m; sourceTree = "<group>"; };
		CC616B071BEAE67C00386094 /* Base */ = {isa = PBXFileReference; lastKnownFileType = file.storyboard; name = Base; path = Base.lproj/Main.storyboard; sourceTree = "<group>"; };
		CC616B091BEAE67C00386094 /* Images.xcassets */ = {isa = PBXFileReference; lastKnownFileType = folder.assetcatalog; path = Images.xcassets; sourceTree = "<group>"; };
		CC616B0C1BEAE67C00386094 /* Base */ = {isa = PBXFileReference; lastKnownFileType = file.xib; name = Base; path = Base.lproj/LaunchScreen.xib; sourceTree = "<group>"; };
		CC616B121BEAE67C00386094 /* UIButtonDemoTests.xctest */ = {isa = PBXFileReference; explicitFileType = wrapper.cfbundle; includeInIndex = 0; path = UIButtonDemoTests.xctest; sourceTree = BUILT_PRODUCTS_DIR; };
		CC616B171BEAE67C00386094 /* Info.plist */ = {isa = PBXFileReference; lastKnownFileType = text.plist.xml; path = Info.plist; sourceTree = "<group>"; };
		CC616B181BEAE67C00386094 /* UIButtonDemoTests.m */ = {isa = PBXFileReference; lastKnownFileType = sourcecode.c.objc; path = UIButtonDemoTests.m; sourceTree = "<group>"; };
		CC616B231BEAE69B00386094 /* compass-bg.png */ = {isa = PBXFileReference; lastKnownFileType = image.png; path = "compass-bg.png"; sourceTree = "<group>"; };
		CC616B241BEAE69B00386094 /* down-normal.png */ = {isa = PBXFileReference; lastKnownFileType = image.png; path = "down-normal.png"; sourceTree = "<group>"; };
		CC616B251BEAE69B00386094 /* down-tap.png */ = {isa = PBXFileReference; lastKnownFileType = image.png; path = "down-tap.png"; sourceTree = "<group>"; };
		CC616B261BEAE69B00386094 /* left-normal.png */ = {isa = PBXFileReference; lastKnownFileType = image.png; path = "left-normal.png"; sourceTree = "<group>"; };
		CC616B271BEAE69B00386094 /* left-tap.png */ = {isa = PBXFileReference; lastKnownFileType = image.png; path = "left-tap.png"; sourceTree = "<group>"; };
		CC616B281BEAE69B00386094 /* main-bg.png */ = {isa = PBXFileReference; lastKnownFileType = image.png; path = "main-bg.png"; sourceTree = "<group>"; };
		CC616B291BEAE69B00386094 /* powerbut-icon-off.png */ = {isa = PBXFileReference; lastKnownFileType = image.png; path = "powerbut-icon-off.png"; sourceTree = "<group>"; };
		CC616B2A1BEAE69B00386094 /* powerbut-icon-on.png */ = {isa = PBXFileReference; lastKnownFileType = image.png; path = "powerbut-icon-on.png"; sourceTree = "<group>"; };
		CC616B2B1BEAE69B00386094 /* powerbut-tap.png */ = {isa = PBXFileReference; lastKnownFileType = image.png; path = "powerbut-tap.png"; sourceTree = "<group>"; };
		CC616B2C1BEAE69B00386094 /* powerbut.png */ = {isa = PBXFileReference; lastKnownFileType = image.png; path = powerbut.png; sourceTree = "<group>"; };
		CC616B2D1BEAE69B00386094 /* right-normal.png */ = {isa = PBXFileReference; lastKnownFileType = image.png; path = "right-normal.png"; sourceTree = "<group>"; };
		CC616B2E1BEAE69B00386094 /* right-tap.png */ = {isa = PBXFileReference; lastKnownFileType = image.png; path = "right-tap.png"; sourceTree = "<group>"; };
		CC616B2F1BEAE69B00386094 /* unit_39.png */ = {isa = PBXFileReference; lastKnownFileType = image.png; path = unit_39.png; sourceTree = "<group>"; };
		CC616B301BEAE69B00386094 /* up-normal.png */ = {isa = PBXFileReference; lastKnownFileType = image.png; path = "up-normal.png"; sourceTree = "<group>"; };
		CC616B311BEAE69B00386094 /* up-tap.png */ = {isa = PBXFileReference; lastKnownFileType = image.png; path = "up-tap.png"; sourceTree = "<group>"; };
		CCDC54781BEB00300021C083 /* light_24.png */ = {isa = PBXFileReference; lastKnownFileType = image.png; path = light_24.png; sourceTree = "<group>"; };
		CCDC54791BEB00300021C083 /* light_26.png */ = {isa = PBXFileReference; lastKnownFileType = image.png; path = light_26.png; sourceTree = "<group>"; };
		CCDC547A1BEB00300021C083 /* mainbut-bg.png */ = {isa = PBXFileReference; lastKnownFileType = image.png; path = "mainbut-bg.png"; sourceTree = "<group>"; };
		CCDC547E1BEB03980021C083 /* power-default-off.png */ = {isa = PBXFileReference; lastKnownFileType = image.png; path = "power-default-off.png"; sourceTree = "<group>"; };
		CCDC547F1BEB03990021C083 /* power-default-on.png */ = {isa = PBXFileReference; lastKnownFileType = image.png; path = "power-default-on.png"; sourceTree = "<group>"; };
		CCDC54821BEB095A0021C083 /* light_07.png */ = {isa = PBXFileReference; lastKnownFileType = image.png; path = light_07.png; sourceTree = "<group>"; };
		CCDC54831BEB095A0021C083 /* lightOff_07.png */ = {isa = PBXFileReference; lastKnownFileType = image.png; path = lightOff_07.png; sourceTree = "<group>"; };
/* End PBXFileReference section */

/* Begin PBXFrameworksBuildPhase section */
		CC616AF61BEAE67B00386094 /* Frameworks */ = {
			isa = PBXFrameworksBuildPhase;
			buildActionMask = 2147483647;
			files = (
			);
			runOnlyForDeploymentPostprocessing = 0;
		};
		CC616B0F1BEAE67C00386094 /* Frameworks */ = {
			isa = PBXFrameworksBuildPhase;
			buildActionMask = 2147483647;
			files = (
			);
			runOnlyForDeploymentPostprocessing = 0;
		};
/* End PBXFrameworksBuildPhase section */

/* Begin PBXGroup section */
		CC616AF01BEAE67B00386094 = {
			isa = PBXGroup;
			children = (
				CC616AFB1BEAE67B00386094 /* UIButtonDemo */,
				CC616B151BEAE67C00386094 /* UIButtonDemoTests */,
				CC616AFA1BEAE67B00386094 /* Products */,
			);
			sourceTree = "<group>";
		};
		CC616AFA1BEAE67B00386094 /* Products */ = {
			isa = PBXGroup;
			children = (
				CC616AF91BEAE67B00386094 /* UIButtonDemo.app */,
				CC616B121BEAE67C00386094 /* UIButtonDemoTests.xctest */,
			);
			name = Products;
			sourceTree = "<group>";
		};
		CC616AFB1BEAE67B00386094 /* UIButtonDemo */ = {
			isa = PBXGroup;
			children = (
				CC616B001BEAE67C00386094 /* AppDelegate.h */,
				CC616B011BEAE67C00386094 /* AppDelegate.m */,
				CC616B031BEAE67C00386094 /* ViewController.h */,
				CC616B041BEAE67C00386094 /* ViewController.m */,
				CC616B061BEAE67C00386094 /* Main.storyboard */,
				CC616B091BEAE67C00386094 /* Images.xcassets */,
				CC616B0B1BEAE67C00386094 /* LaunchScreen.xib */,
				CC616AFC1BEAE67B00386094 /* Supporting Files */,
			);
			path = UIButtonDemo;
			sourceTree = "<group>";
		};
		CC616AFC1BEAE67B00386094 /* Supporting Files */ = {
			isa = PBXGroup;
			children = (
				CC616B221BEAE69B00386094 /* 素材 */,
				CC616AFD1BEAE67C00386094 /* Info.plist */,
				CC616AFE1BEAE67C00386094 /* main.m */,
			);
			name = "Supporting Files";
			sourceTree = "<group>";
		};
		CC616B151BEAE67C00386094 /* UIButtonDemoTests */ = {
			isa = PBXGroup;
			children = (
				CC616B181BEAE67C00386094 /* UIButtonDemoTests.m */,
				CC616B161BEAE67C00386094 /* Supporting Files */,
			);
			path = UIButtonDemoTests;
			sourceTree = "<group>";
		};
		CC616B161BEAE67C00386094 /* Supporting Files */ = {
			isa = PBXGroup;
			children = (
				CC616B171BEAE67C00386094 /* Info.plist */,
			);
			name = "Supporting Files";
			sourceTree = "<group>";
		};
		CC616B221BEAE69B00386094 /* 素材 */ = {
			isa = PBXGroup;
			children = (
				CC616B231BEAE69B00386094 /* compass-bg.png */,
				CCDC54821BEB095A0021C083 /* light_07.png */,
				CCDC54831BEB095A0021C083 /* lightOff_07.png */,
				CC616B241BEAE69B00386094 /* down-normal.png */,
				CC616B251BEAE69B00386094 /* down-tap.png */,
				CC616B261BEAE69B00386094 /* left-normal.png */,
				CC616B271BEAE69B00386094 /* left-tap.png */,
				CC616B281BEAE69B00386094 /* main-bg.png */,
				CC616B291BEAE69B00386094 /* powerbut-icon-off.png */,
				CC616B2A1BEAE69B00386094 /* powerbut-icon-on.png */,
				CC616B2B1BEAE69B00386094 /* powerbut-tap.png */,
				CC616B2C1BEAE69B00386094 /* powerbut.png */,
				CC616B2D1BEAE69B00386094 /* right-normal.png */,
				CC616B2E1BEAE69B00386094 /* right-tap.png */,
				CC616B2F1BEAE69B00386094 /* unit_39.png */,
				CC616B301BEAE69B00386094 /* up-normal.png */,
				CC616B311BEAE69B00386094 /* up-tap.png */,
				CCDC54781BEB00300021C083 /* light_24.png */,
				CCDC54791BEB00300021C083 /* light_26.png */,
				CCDC547A1BEB00300021C083 /* mainbut-bg.png */,
				CCDC547E1BEB03980021C083 /* power-default-off.png */,
				CCDC547F1BEB03990021C083 /* power-default-on.png */,
			);
			path = "素材";
			sourceTree = "<group>";
		};
/* End PBXGroup section */

/* Begin PBXNativeTarget section */
		CC616AF81BEAE67B00386094 /* UIButtonDemo */ = {
			isa = PBXNativeTarget;
			buildConfigurationList = CC616B1C1BEAE67C00386094 /* Build configuration list for PBXNativeTarget "UIButtonDemo" */;
			buildPhases = (
				CC616AF51BEAE67B00386094 /* Sources */,
				CC616AF61BEAE67B00386094 /* Frameworks */,
				CC616AF71BEAE67B00386094 /* Resources */,
			);
			buildRules = (
			);
			dependencies = (
			);
			name = UIButtonDemo;
			productName = UIButtonDemo;
			productReference = CC616AF91BEAE67B00386094 /* UIButtonDemo.app */;
			productType = "com.apple.product-type.application";
		};
		CC616B111BEAE67C00386094 /* UIButtonDemoTests */ = {
			isa = PBXNativeTarget;
			buildConfigurationList = CC616B1F1BEAE67C00386094 /* Build configuration list for PBXNativeTarget "UIButtonDemoTests" */;
			buildPhases = (
				CC616B0E1BEAE67C00386094 /* Sources */,
				CC616B0F1BEAE67C00386094 /* Frameworks */,
				CC616B101BEAE67C00386094 /* Resources */,
			);
			buildRules = (
			);
			dependencies = (
				CC616B141BEAE67C00386094 /* PBXTargetDependency */,
			);
			name = UIButtonDemoTests;
			productName = UIButtonDemoTests;
			productReference = CC616B121BEAE67C00386094 /* UIButtonDemoTests.xctest */;
			productType = "com.apple.product-type.bundle.unit-test";
		};
/* End PBXNativeTarget section */

/* Begin PBXProject section */
		CC616AF11BEAE67B00386094 /* Project object */ = {
			isa = PBXProject;
			attributes = {
				LastUpgradeCheck = 0630;
				ORGANIZATIONNAME = "Sky-jay";
				TargetAttributes = {
					CC616AF81BEAE67B00386094 = {
						CreatedOnToolsVersion = 6.3;
					};
					CC616B111BEAE67C00386094 = {
						CreatedOnToolsVersion = 6.3;
						TestTargetID = CC616AF81BEAE67B00386094;
					};
				};
			};
			buildConfigurationList = CC616AF41BEAE67B00386094 /* Build configuration list for PBXProject "UIButtonDemo" */;
			compatibilityVersion = "Xcode 3.2";
			developmentRegion = English;
			hasScannedForEncodings = 0;
			knownRegions = (
				en,
				Base,
			);
			mainGroup = CC616AF01BEAE67B00386094;
			productRefGroup = CC616AFA1BEAE67B00386094 /* Products */;
			projectDirPath = "";
			projectRoot = "";
			targets = (
				CC616AF81BEAE67B00386094 /* UIButtonDemo */,
				CC616B111BEAE67C00386094 /* UIButtonDemoTests */,
			);
		};
/* End PBXProject section */

/* Begin PBXResourcesBuildPhase section */
		CC616AF71BEAE67B00386094 /* Resources */ = {
			isa = PBXResourcesBuildPhase;
			buildActionMask = 2147483647;
			files = (
				CC616B381BEAE69B00386094 /* powerbut-icon-off.png in Resources */,
				CC616B3D1BEAE69B00386094 /* right-tap.png in Resources */,
				CCDC54811BEB03990021C083 /* power-default-on.png in Resources */,
				CCDC547C1BEB00300021C083 /* light_26.png in Resources */,
				CCDC54851BEB095A0021C083 /* lightOff_07.png in Resources */,
				CC616B3C1BEAE69B00386094 /* right-normal.png in Resources */,
				CCDC54841BEB095A0021C083 /* light_07.png in Resources */,
				CC616B3A1BEAE69B00386094 /* powerbut-tap.png in Resources */,
				CCDC547D1BEB00300021C083 /* mainbut-bg.png in Resources */,
				CC616B401BEAE69B00386094 /* up-tap.png in Resources */,
				CC616B081BEAE67C00386094 /* Main.storyboard in Resources */,
				CC616B321BEAE69B00386094 /* compass-bg.png in Resources */,
				CC616B351BEAE69B00386094 /* left-normal.png in Resources */,
				CC616B371BEAE69B00386094 /* main-bg.png in Resources */,
				CC616B0D1BEAE67C00386094 /* LaunchScreen.xib in Resources */,
				CCDC547B1BEB00300021C083 /* light_24.png in Resources */,
				CC616B3E1BEAE69B00386094 /* unit_39.png in Resources */,
				CC616B3B1BEAE69B00386094 /* powerbut.png in Resources */,
				CC616B361BEAE69B00386094 /* left-tap.png in Resources */,
				CC616B341BEAE69B00386094 /* down-tap.png in Resources */,
				CCDC54801BEB03990021C083 /* power-default-off.png in Resources */,
				CC616B391BEAE69B00386094 /* powerbut-icon-on.png in Resources */,
				CC616B0A1BEAE67C00386094 /* Images.xcassets in Resources */,
				CC616B3F1BEAE69B00386094 /* up-normal.png in Resources */,
				CC616B331BEAE69B00386094 /* down-normal.png in Resources */,
			);
			runOnlyForDeploymentPostprocessing = 0;
		};
		CC616B101BEAE67C00386094 /* Resources */ = {
			isa = PBXResourcesBuildPhase;
			buildActionMask = 2147483647;
			files = (
			);
			runOnlyForDeploymentPostprocessing = 0;
		};
/* End PBXResourcesBuildPhase section */

/* Begin PBXSourcesBuildPhase section */
		CC616AF51BEAE67B00386094 /* Sources */ = {
			isa = PBXSourcesBuildPhase;
			buildActionMask = 2147483647;
			files = (
				CC616B051BEAE67C00386094 /* ViewController.m in Sources */,
				CC616B021BEAE67C00386094 /* AppDelegate.m in Sources */,
				CC616AFF1BEAE67C00386094 /* main.m in Sources */,
			);
			runOnlyForDeploymentPostprocessing = 0;
		};
		CC616B0E1BEAE67C00386094 /* Sources */ = {
			isa = PBXSourcesBuildPhase;
			buildActionMask = 2147483647;
			files = (
				CC616B191BEAE67C00386094 /* UIButtonDemoTests.m in Sources */,
			);
			runOnlyForDeploymentPostprocessing = 0;
		};
/* End PBXSourcesBuildPhase section */

/* Begin PBXTargetDependency section */
		CC616B141BEAE67C00386094 /* PBXTargetDependency */ = {
			isa = PBXTargetDependency;
			target = CC616AF81BEAE67B00386094 /* UIButtonDemo */;
			targetProxy = CC616B131BEAE67C00386094 /* PBXContainerItemProxy */;
		};
/* End PBXTargetDependency section */

/* Begin PBXVariantGroup section */
		CC616B061BEAE67C00386094 /* Main.storyboard */ = {
			isa = PBXVariantGroup;
			children = (
				CC616B071BEAE67C00386094 /* Base */,
			);
			name = Main.storyboard;
			sourceTree = "<group>";
		};
		CC616B0B1BEAE67C00386094 /* LaunchScreen.xib */ = {
			isa = PBXVariantGroup;
			children = (
				CC616B0C1BEAE67C00386094 /* Base */,
			);
			name = LaunchScreen.xib;
			sourceTree = "<group>";
		};
/* End PBXVariantGroup section */

/* Begin XCBuildConfiguration section */
		CC616B1A1BEAE67C00386094 /* Debug */ = {
			isa = XCBuildConfiguration;
			buildSettings = {
				ALWAYS_SEARCH_USER_PATHS = NO;
				CLANG_CXX_LANGUAGE_STANDARD = "gnu++0x";
				CLANG_CXX_LIBRARY = "libc++";
				CLANG_ENABLE_MODULES = YES;
				CLANG_ENABLE_OBJC_ARC = YES;
				CLANG_WARN_BOOL_CONVERSION = YES;
				CLANG_WARN_CONSTANT_CONVERSION = YES;
				CLANG_WARN_DIRECT_OBJC_ISA_USAGE = YES_ERROR;
				CLANG_WARN_EMPTY_BODY = YES;
				CLANG_WARN_ENUM_CONVERSION = YES;
				CLANG_WARN_INT_CONVERSION = YES;
				CLANG_WARN_OBJC_ROOT_CLASS = YES_ERROR;
				CLANG_WARN_UNREACHABLE_CODE = YES;
				CLANG_WARN__DUPLICATE_METHOD_MATCH = YES;
				CODE_SIGN_IDENTITY = "iPhone Developer: dorayo student (93QF9C8P8D)";
				"CODE_SIGN_IDENTITY[sdk=iphoneos*]" = "iPhone Developer: dorayo student (93QF9C8P8D)";
				COPY_PHASE_STRIP = NO;
				DEBUG_INFORMATION_FORMAT = "dwarf-with-dsym";
				ENABLE_STRICT_OBJC_MSGSEND = YES;
				GCC_C_LANGUAGE_STANDARD = gnu99;
				GCC_DYNAMIC_NO_PIC = NO;
				GCC_NO_COMMON_BLOCKS = YES;
				GCC_OPTIMIZATION_LEVEL = 0;
				GCC_PREPROCESSOR_DEFINITIONS = (
					"DEBUG=1",
					"$(inherited)",
				);
				GCC_SYMBOLS_PRIVATE_EXTERN = NO;
				GCC_WARN_64_TO_32_BIT_CONVERSION = YES;
				GCC_WARN_ABOUT_RETURN_TYPE = YES_ERROR;
				GCC_WARN_UNDECLARED_SELECTOR = YES;
				GCC_WARN_UNINITIALIZED_AUTOS = YES_AGGRESSIVE;
				GCC_WARN_UNUSED_FUNCTION = YES;
				GCC_WARN_UNUSED_VARIABLE = YES;
				IPHONEOS_DEPLOYMENT_TARGET = 7.1;
				MTL_ENABLE_DEBUG_INFO = YES;
				ONLY_ACTIVE_ARCH = YES;
				PROVISIONING_PROFILE = "235bcfc7-9172-490b-b411-069c6f80e4c4";
				SDKROOT = iphoneos;
				TARGETED_DEVICE_FAMILY = "1,2";
			};
			name = Debug;
		};
		CC616B1B1BEAE67C00386094 /* Release */ = {
			isa = XCBuildConfiguration;
			buildSettings = {
				ALWAYS_SEARCH_USER_PATHS = NO;
				CLANG_CXX_LANGUAGE_STANDARD = "gnu++0x";
				CLANG_CXX_LIBRARY = "libc++";
				CLANG_ENABLE_MODULES = YES;
				CLANG_ENABLE_OBJC_ARC = YES;
				CLANG_WARN_BOOL_CONVERSION = YES;
				CLANG_WARN_CONSTANT_CONVERSION = YES;
				CLANG_WARN_DIRECT_OBJC_ISA_USAGE = YES_ERROR;
				CLANG_WARN_EMPTY_BODY = YES;
				CLANG_WARN_ENUM_CONVERSION = YES;
				CLANG_WARN_INT_CONVERSION = YES;
				CLANG_WARN_OBJC_ROOT_CLASS = YES_ERROR;
				CLANG_WARN_UNREACHABLE_CODE = YES;
				CLANG_WARN__DUPLICATE_METHOD_MATCH = YES;
				CODE_SIGN_IDENTITY = "iPhone Developer: dorayo student (93QF9C8P8D)";
				"CODE_SIGN_IDENTITY[sdk=iphoneos*]" = "iPhone Developer: dorayo student (93QF9C8P8D)";
				COPY_PHASE_STRIP = NO;
				DEBUG_INFORMATION_FORMAT = "dwarf-with-dsym";
				ENABLE_NS_ASSERTIONS = NO;
				ENABLE_STRICT_OBJC_MSGSEND = YES;
				GCC_C_LANGUAGE_STANDARD = gnu99;
				GCC_NO_COMMON_BLOCKS = YES;
				GCC_WARN_64_TO_32_BIT_CONVERSION = YES;
				GCC_WARN_ABOUT_RETURN_TYPE = YES_ERROR;
				GCC_WARN_UNDECLARED_SELECTOR = YES;
				GCC_WARN_UNINITIALIZED_AUTOS = YES_AGGRESSIVE;
				GCC_WARN_UNUSED_FUNCTION = YES;
				GCC_WARN_UNUSED_VARIABLE = YES;
				IPHONEOS_DEPLOYMENT_TARGET = 7.1;
				MTL_ENABLE_DEBUG_INFO = NO;
				PROVISIONING_PROFILE = "235bcfc7-9172-490b-b411-069c6f80e4c4";
				SDKROOT = iphoneos;
				TARGETED_DEVICE_FAMILY = "1,2";
				VALIDATE_PRODUCT = YES;
			};
			name = Release;
		};
		CC616B1D1BEAE67C00386094 /* Debug */ = {
			isa = XCBuildConfiguration;
			buildSettings = {
				ASSETCATALOG_COMPILER_APPICON_NAME = AppIcon;
				CODE_SIGN_IDENTITY = "iPhone Developer: dorayo student (93QF9C8P8D)";
				INFOPLIST_FILE = UIButtonDemo/Info.plist;
				LD_RUNPATH_SEARCH_PATHS = "$(inherited) @executable_path/Frameworks";
				PRODUCT_NAME = "$(TARGET_NAME)";
				PROVISIONING_PROFILE = "235bcfc7-9172-490b-b411-069c6f80e4c4";
			};
			name = Debug;
		};
		CC616B1E1BEAE67C00386094 /* Release */ = {
			isa = XCBuildConfiguration;
			buildSettings = {
				ASSETCATALOG_COMPILER_APPICON_NAME = AppIcon;
				CODE_SIGN_IDENTITY = "iPhone Developer: dorayo student (93QF9C8P8D)";
				INFOPLIST_FILE = UIButtonDemo/Info.plist;
				LD_RUNPATH_SEARCH_PATHS = "$(inherited) @executable_path/Frameworks";
				PRODUCT_NAME = "$(TARGET_NAME)";
				PROVISIONING_PROFILE = "235bcfc7-9172-490b-b411-069c6f80e4c4";
			};
			name = Release;
		};
		CC616B201BEAE67C00386094 /* Debug */ = {
			isa = XCBuildConfiguration;
			buildSettings = {
				BUNDLE_LOADER = "$(TEST_HOST)";
				FRAMEWORK_SEARCH_PATHS = (
					"$(SDKROOT)/Developer/Library/Frameworks",
					"$(inherited)",
				);
				GCC_PREPROCESSOR_DEFINITIONS = (
					"DEBUG=1",
					"$(inherited)",
				);
				INFOPLIST_FILE = UIButtonDemoTests/Info.plist;
				LD_RUNPATH_SEARCH_PATHS = "$(inherited) @executable_path/Frameworks @loader_path/Frameworks";
				PRODUCT_NAME = "$(TARGET_NAME)";
				TEST_HOST = "$(BUILT_PRODUCTS_DIR)/UIButtonDemo.app/UIButtonDemo";
			};
			name = Debug;
		};
		CC616B211BEAE67C00386094 /* Release */ = {
			isa = XCBuildConfiguration;
			buildSettings = {
				BUNDLE_LOADER = "$(TEST_HOST)";
				FRAMEWORK_SEARCH_PATHS = (
					"$(SDKROOT)/Developer/Library/Frameworks",
					"$(inherited)",
				);
				INFOPLIST_FILE = UIButtonDemoTests/Info.plist;
				LD_RUNPATH_SEARCH_PATHS = "$(inherited) @executable_path/Frameworks @loader_path/Frameworks";
				PRODUCT_NAME = "$(TARGET_NAME)";
				TEST_HOST = "$(BUILT_PRODUCTS_DIR)/UIButtonDemo.app/UIButtonDemo";
			};
			name = Release;
		};
/* End XCBuildConfiguration section */

/* Begin XCConfigurationList section */
		CC616AF41BEAE67B00386094 /* Build configuration list for PBXProject "UIButtonDemo" */ = {
			isa = XCConfigurationList;
			buildConfigurations = (
				CC616B1A1BEAE67C00386094 /* Debug */,
				CC616B1B1BEAE67C00386094 /* Release */,
			);
			defaultConfigurationIsVisible = 0;
			defaultConfigurationName = Release;
		};
		CC616B1C1BEAE67C00386094 /* Build configuration list for PBXNativeTarget "UIButtonDemo" */ = {
			isa = XCConfigurationList;
			buildConfigurations = (
				CC616B1D1BEAE67C00386094 /* Debug */,
				CC616B1E1BEAE67C00386094 /* Release */,
			);
			defaultConfigurationIsVisible = 0;
			defaultConfigurationName = Release;
		};
		CC616B1F1BEAE67C00386094 /* Build configuration list for PBXNativeTarget "UIButtonDemoTests" */ = {
			isa = XCConfigurationList;
			buildConfigurations = (
				CC616B201BEAE67C00386094 /* Debug */,
				CC616B211BEAE67C00386094 /* Release */,
			);
			defaultConfigurationIsVisible = 0;
			defaultConfigurationName = Release;
		};
/* End XCConfigurationList section */
	};
	rootObject = CC616AF11BEAE67B00386094 /* Project object */;
}
